
Microsoft Visual Studio Solution File, Format Version 12.00
# Visual Studio Version 16
VisualStudioVersion = 16.0.32602.291
MinimumVisualStudioVersion = 10.0.40219.1
Project("{FAE04EC0-301F-11D3-BF4B-00C04F79EFBC}") = "Employee_Form", "Employee_Form\Employee_Form.csproj", "{B3C04888-98C6-4366-88E0-3502A3AD9156}"
EndProject
Project("{FAE04EC0-301F-11D3-BF4B-00C04F79EFBC}") = "Employee-DAL", "Employee-DAL\Employee-DAL.csproj", "{AC3C75B6-422A-4B08-BEA4-D6274FB34305}"
EndProject
Global
	GlobalSection(SolutionConfigurationPlatforms) = preSolution
		Debug|Any CPU = Debug|Any CPU
		Release|Any CPU = Release|Any CPU
	EndGlobalSection
	GlobalSection(ProjectConfigurationPlatforms) = postSolution
		{B3C04888-98C6-4366-88E0-3502A3AD9156}.Debug|Any CPU.ActiveCfg = Debug|Any CPU
		{B3C04888-98C6-4366-88E0-3502A3AD9156}.Debug|Any CPU.Build.0 = Debug|Any CPU
		{B3C04888-98C6-4366-88E0-3502A3AD9156}.Release|Any CPU.ActiveCfg = Release|Any CPU
		{B3C04888-98C6-4366-88E0-3502A3AD9156}.Release|Any CPU.Build.0 = Release|Any CPU
		{AC3C75B6-422A-4B08-BEA4-D6274FB34305}.Debug|Any CPU.ActiveCfg = Debug|Any CPU
		{AC3C75B6-422A-4B08-BEA4-D6274FB34305}.Debug|Any CPU.Build.0 = Debug|Any CPU
		{AC3C75B6-422A-4B08-BEA4-D6274FB34305}.Release|Any CPU.ActiveCfg = Release|Any CPU
		{AC3C75B6-422A-4B08-BEA4-D6274FB34305}.Release|Any CPU.Build.0 = Release|Any CPU
	EndGlobalSection
	GlobalSection(SolutionProperties) = preSolution
		HideSolutionNode = FALSE
	EndGlobalSection
	GlobalSection(ExtensibilityGlobals) = postSolution
		SolutionGuid = {00E67459-F74F-4325-99E5-E4C09BCFE0BF}
	EndGlobalSection
EndGlobal
